// !$*UTF8*$!
{
	archiveVersion = 1;
	classes = {
	};
	objectVersion = 46;
	objects = {

/* Begin PBXBuildFile section */
		0A1C802F196AFD30003C1AD2 /* Foundation.framework in Frameworks */ = {isa = PBXBuildFile; fileRef = 0A1C802E196AFD30003C1AD2 /* Foundation.framework */; };
		0A1C8031196AFD30003C1AD2 /* CoreGraphics.framework in Frameworks */ = {isa = PBXBuildFile; fileRef = 0A1C8030196AFD30003C1AD2 /* CoreGraphics.framework */; };
		0A1C8033196AFD30003C1AD2 /* UIKit.framework in Frameworks */ = {isa = PBXBuildFile; fileRef = 0A1C8032196AFD30003C1AD2 /* UIKit.framework */; };
		0A1C8039196AFD30003C1AD2 /* InfoPlist.strings in Resources */ = {isa = PBXBuildFile; fileRef = 0A1C8037196AFD30003C1AD2 /* InfoPlist.strings */; };
		0A1C803B196AFD30003C1AD2 /* main.m in Sources */ = {isa = PBXBuildFile; fileRef = 0A1C803A196AFD30003C1AD2 /* main.m */; };
		0A1C803F196AFD30003C1AD2 /* KLAppDelegate.m in Sources */ = {isa = PBXBuildFile; fileRef = 0A1C803E196AFD30003C1AD2 /* KLAppDelegate.m */; };
		0A1C8042196AFD30003C1AD2 /* Main.storyboard in Resources */ = {isa = PBXBuildFile; fileRef = 0A1C8040196AFD30003C1AD2 /* Main.storyboard */; };
		0A1C8047196AFD30003C1AD2 /* Images.xcassets in Resources */ = {isa = PBXBuildFile; fileRef = 0A1C8046196AFD30003C1AD2 /* Images.xcassets */; };
		0A1C804E196AFD31003C1AD2 /* XCTest.framework in Frameworks */ = {isa = PBXBuildFile; fileRef = 0A1C804D196AFD30003C1AD2 /* XCTest.framework */; };
		0A1C804F196AFD31003C1AD2 /* Foundation.framework in Frameworks */ = {isa = PBXBuildFile; fileRef = 0A1C802E196AFD30003C1AD2 /* Foundation.framework */; };
		0A1C8050196AFD31003C1AD2 /* UIKit.framework in Frameworks */ = {isa = PBXBuildFile; fileRef = 0A1C8032196AFD30003C1AD2 /* UIKit.framework */; };
		0A1C8058196AFD31003C1AD2 /* InfoPlist.strings in Resources */ = {isa = PBXBuildFile; fileRef = 0A1C8056196AFD31003C1AD2 /* InfoPlist.strings */; };
		0A1C805A196AFD31003C1AD2 /* ExtendingTableViewCellTests.m in Sources */ = {isa = PBXBuildFile; fileRef = 0A1C8059196AFD31003C1AD2 /* ExtendingTableViewCellTests.m */; };
		0A1C8068196AFDE1003C1AD2 /* KLTableViewController.m in Sources */ = {isa = PBXBuildFile; fileRef = 0A1C8067196AFDE1003C1AD2 /* KLTableViewController.m */; };
		0A1C806B196AFEF5003C1AD2 /* KLPickerViewCell.m in Sources */ = {isa = PBXBuildFile; fileRef = 0A1C806A196AFEF5003C1AD2 /* KLPickerViewCell.m */; };
		0A1C806E196AFF17003C1AD2 /* KLDatePickerViewCell.m in Sources */ = {isa = PBXBuildFile; fileRef = 0A1C806D196AFF17003C1AD2 /* KLDatePickerViewCell.m */; };
/* End PBXBuildFile section */

/* Begin PBXContainerItemProxy section */
		0A1C8051196AFD31003C1AD2 /* PBXContainerItemProxy */ = {
			isa = PBXContainerItemProxy;
			containerPortal = 0A1C8023196AFD30003C1AD2 /* Project object */;
			proxyType = 1;
			remoteGlobalIDString = 0A1C802A196AFD30003C1AD2;
			remoteInfo = ExtendingTableViewCell;
		};
/* End PBXContainerItemProxy section */

/* Begin PBXFileReference section */
		0A1C802B196AFD30003C1AD2 /* ExtendingTableViewCell.app */ = {isa = PBXFileReference; explicitFileType = wrapper.application; includeInIndex = 0; path = ExtendingTableViewCell.app; sourceTree = BUILT_PRODUCTS_DIR; };
		0A1C802E196AFD30003C1AD2 /* Foundation.framework */ = {isa = PBXFileReference; lastKnownFileType = wrapper.framework; name = Foundation.framework; path = System/Library/Frameworks/Foundation.framework; sourceTree = SDKROOT; };
		0A1C8030196AFD30003C1AD2 /* CoreGraphics.framework */ = {isa = PBXFileReference; lastKnownFileType = wrapper.framework; name = CoreGraphics.framework; path = System/Library/Frameworks/CoreGraphics.framework; sourceTree = SDKROOT; };
		0A1C8032196AFD30003C1AD2 /* UIKit.framework */ = {isa = PBXFileReference; lastKnownFileType = wrapper.framework; name = UIKit.framework; path = System/Library/Frameworks/UIKit.framework; sourceTree = SDKROOT; };
		0A1C8036196AFD30003C1AD2 /* ExtendingTableViewCell-Info.plist */ = {isa = PBXFileReference; lastKnownFileType = text.plist.xml; path = "ExtendingTableViewCell-Info.plist"; sourceTree = "<group>"; };
		0A1C8038196AFD30003C1AD2 /* en */ = {isa = PBXFileReference; lastKnownFileType = text.plist.strings; name = en; path = en.lproj/InfoPlist.strings; sourceTree = "<group>"; };
		0A1C803A196AFD30003C1AD2 /* main.m */ = {isa = PBXFileReference; lastKnownFileType = sourcecode.c.objc; path = main.m; sourceTree = "<group>"; };
		0A1C803C196AFD30003C1AD2 /* ExtendingTableViewCell-Prefix.pch */ = {isa = PBXFileReference; lastKnownFileType = sourcecode.c.h; path = "ExtendingTableViewCell-Prefix.pch"; sourceTree = "<group>"; };
		0A1C803D196AFD30003C1AD2 /* KLAppDelegate.h */ = {isa = PBXFileReference; lastKnownFileType = sourcecode.c.h; path = KLAppDelegate.h; sourceTree = "<group>"; };
		0A1C803E196AFD30003C1AD2 /* KLAppDelegate.m */ = {isa = PBXFileReference; lastKnownFileType = sourcecode.c.objc; path = KLAppDelegate.m; sourceTree = "<group>"; };
		0A1C8041196AFD30003C1AD2 /* Base */ = {isa = PBXFileReference; lastKnownFileType = file.storyboard; name = Base; path = Base.lproj/Main.storyboard; sourceTree = "<group>"; };
		0A1C8046196AFD30003C1AD2 /* Images.xcassets */ = {isa = PBXFileReference; lastKnownFileType = folder.assetcatalog; path = Images.xcassets; sourceTree = "<group>"; };
		0A1C804C196AFD30003C1AD2 /* ExtendingTableViewCellTests.xctest */ = {isa = PBXFileReference; explicitFileType = wrapper.cfbundle; includeInIndex = 0; path = ExtendingTableViewCellTests.xctest; sourceTree = BUILT_PRODUCTS_DIR; };
		0A1C804D196AFD30003C1AD2 /* XCTest.framework */ = {isa = PBXFileReference; lastKnownFileType = wrapper.framework; name = XCTest.framework; path = Library/Frameworks/XCTest.framework; sourceTree = DEVELOPER_DIR; };
		0A1C8055196AFD31003C1AD2 /* ExtendingTableViewCellTests-Info.plist */ = {isa = PBXFileReference; lastKnownFileType = text.plist.xml; path = "ExtendingTableViewCellTests-Info.plist"; sourceTree = "<group>"; };
		0A1C8057196AFD31003C1AD2 /* en */ = {isa = PBXFileReference; lastKnownFileType = text.plist.strings; name = en; path = en.lproj/InfoPlist.strings; sourceTree = "<group>"; };
		0A1C8059196AFD31003C1AD2 /* ExtendingTableViewCellTests.m */ = {isa = PBXFileReference; lastKnownFileType = sourcecode.c.objc; path = ExtendingTableViewCellTests.m; sourceTree = "<group>"; };
		0A1C8066196AFDE1003C1AD2 /* KLTableViewController.h */ = {isa = PBXFileReference; fileEncoding = 4; lastKnownFileType = sourcecode.c.h; path = KLTableViewController.h; sourceTree = "<group>"; };
		0A1C8067196AFDE1003C1AD2 /* KLTableViewController.m */ = {isa = PBXFileReference; fileEncoding = 4; lastKnownFileType = sourcecode.c.objc; path = KLTableViewController.m; sourceTree = "<group>"; };
		0A1C8069196AFEF5003C1AD2 /* KLPickerViewCell.h */ = {isa = PBXFileReference; fileEncoding = 4; lastKnownFileType = sourcecode.c.h; path = KLPickerViewCell.h; sourceTree = "<group>"; };
		0A1C806A196AFEF5003C1AD2 /* KLPickerViewCell.m */ = {isa = PBXFileReference; fileEncoding = 4; lastKnownFileType = sourcecode.c.objc; path = KLPickerViewCell.m; sourceTree = "<group>"; };
		0A1C806C196AFF17003C1AD2 /* KLDatePickerViewCell.h */ = {isa = PBXFileReference; fileEncoding = 4; lastKnownFileType = sourcecode.c.h; path = KLDatePickerViewCell.h; sourceTree = "<group>"; };
		0A1C806D196AFF17003C1AD2 /* KLDatePickerViewCell.m */ = {isa = PBXFileReference; fileEncoding = 4; lastKnownFileType = sourcecode.c.objc; path = KLDatePickerViewCell.m; sourceTree = "<group>"; };
/* End PBXFileReference section */

/* Begin PBXFrameworksBuildPhase section */
		0A1C8028196AFD30003C1AD2 /* Frameworks */ = {
			isa = PBXFrameworksBuildPhase;
			buildActionMask = 2147483647;
			files = (
				0A1C8031196AFD30003C1AD2 /* CoreGraphics.framework in Frameworks */,
				0A1C8033196AFD30003C1AD2 /* UIKit.framework in Frameworks */,
				0A1C802F196AFD30003C1AD2 /* Foundation.framework in Frameworks */,
			);
			runOnlyForDeploymentPostprocessing = 0;
		};
		0A1C8049196AFD30003C1AD2 /* Frameworks */ = {
			isa = PBXFrameworksBuildPhase;
			buildActionMask = 2147483647;
			files = (
				0A1C804E196AFD31003C1AD2 /* XCTest.framework in Frameworks */,
				0A1C8050196AFD31003C1AD2 /* UIKit.framework in Frameworks */,
				0A1C804F196AFD31003C1AD2 /* Foundation.framework in Frameworks */,
			);
			runOnlyForDeploymentPostprocessing = 0;
		};
/* End PBXFrameworksBuildPhase section */

/* Begin PBXGroup section */
		0A1C8022196AFD30003C1AD2 = {
			isa = PBXGroup;
			children = (
				0A1C8034196AFD30003C1AD2 /* ExtendingTableViewCell */,
				0A1C8053196AFD31003C1AD2 /* ExtendingTableViewCellTests */,
				0A1C802D196AFD30003C1AD2 /* Frameworks */,
				0A1C802C196AFD30003C1AD2 /* Products */,
			);
			sourceTree = "<group>";
		};
		0A1C802C196AFD30003C1AD2 /* Products */ = {
			isa = PBXGroup;
			children = (
				0A1C802B196AFD30003C1AD2 /* ExtendingTableViewCell.app */,
				0A1C804C196AFD30003C1AD2 /* ExtendingTableViewCellTests.xctest */,
			);
			name = Products;
			sourceTree = "<group>";
		};
		0A1C802D196AFD30003C1AD2 /* Frameworks */ = {
			isa = PBXGroup;
			children = (
				0A1C802E196AFD30003C1AD2 /* Foundation.framework */,
				0A1C8030196AFD30003C1AD2 /* CoreGraphics.framework */,
				0A1C8032196AFD30003C1AD2 /* UIKit.framework */,
				0A1C804D196AFD30003C1AD2 /* XCTest.framework */,
			);
			name = Frameworks;
			sourceTree = "<group>";
		};
		0A1C8034196AFD30003C1AD2 /* ExtendingTableViewCell */ = {
			isa = PBXGroup;
			children = (
				0A1C803D196AFD30003C1AD2 /* KLAppDelegate.h */,
				0A1C803E196AFD30003C1AD2 /* KLAppDelegate.m */,
				0A1C8066196AFDE1003C1AD2 /* KLTableViewController.h */,
				0A1C8067196AFDE1003C1AD2 /* KLTableViewController.m */,
				0A1C8069196AFEF5003C1AD2 /* KLPickerViewCell.h */,
				0A1C806A196AFEF5003C1AD2 /* KLPickerViewCell.m */,
				0A1C806C196AFF17003C1AD2 /* KLDatePickerViewCell.h */,
				0A1C806D196AFF17003C1AD2 /* KLDatePickerViewCell.m */,
				0A1C8040196AFD30003C1AD2 /* Main.storyboard */,
				0A1C8046196AFD30003C1AD2 /* Images.xcassets */,
				0A1C8035196AFD30003C1AD2 /* Supporting Files */,
			);
			path = ExtendingTableViewCell;
			sourceTree = "<group>";
		};
		0A1C8035196AFD30003C1AD2 /* Supporting Files */ = {
			isa = PBXGroup;
			children = (
				0A1C8036196AFD30003C1AD2 /* ExtendingTableViewCell-Info.plist */,
				0A1C8037196AFD30003C1AD2 /* InfoPlist.strings */,
				0A1C803A196AFD30003C1AD2 /* main.m */,
				0A1C803C196AFD30003C1AD2 /* ExtendingTableViewCell-Prefix.pch */,
			);
			name = "Supporting Files";
			sourceTree = "<group>";
		};
		0A1C8053196AFD31003C1AD2 /* ExtendingTableViewCellTests */ = {
			isa = PBXGroup;
			children = (
				0A1C8059196AFD31003C1AD2 /* ExtendingTableViewCellTests.m */,
				0A1C8054196AFD31003C1AD2 /* Supporting Files */,
			);
			path = ExtendingTableViewCellTests;
			sourceTree = "<group>";
		};
		0A1C8054196AFD31003C1AD2 /* Supporting Files */ = {
			isa = PBXGroup;
			children = (
				0A1C8055196AFD31003C1AD2 /* ExtendingTableViewCellTests-Info.plist */,
				0A1C8056196AFD31003C1AD2 /* InfoPlist.strings */,
			);
			name = "Supporting Files";
			sourceTree = "<group>";
		};
/* End PBXGroup section */

/* Begin PBXNativeTarget section */
		0A1C802A196AFD30003C1AD2 /* ExtendingTableViewCell */ = {
			isa = PBXNativeTarget;
			buildConfigurationList = 0A1C805D196AFD31003C1AD2 /* Build configuration list for PBXNativeTarget "ExtendingTableViewCell" */;
			buildPhases = (
				0A1C8027196AFD30003C1AD2 /* Sources */,
				0A1C8028196AFD30003C1AD2 /* Frameworks */,
				0A1C8029196AFD30003C1AD2 /* Resources */,
			);
			buildRules = (
			);
			dependencies = (
			);
			name = ExtendingTableViewCell;
			productName = ExtendingTableViewCell;
			productReference = 0A1C802B196AFD30003C1AD2 /* ExtendingTableViewCell.app */;
			productType = "com.apple.product-type.application";
		};
		0A1C804B196AFD30003C1AD2 /* ExtendingTableViewCellTests */ = {
			isa = PBXNativeTarget;
			buildConfigurationList = 0A1C8060196AFD31003C1AD2 /* Build configuration list for PBXNativeTarget "ExtendingTableViewCellTests" */;
			buildPhases = (
				0A1C8048196AFD30003C1AD2 /* Sources */,
				0A1C8049196AFD30003C1AD2 /* Frameworks */,
				0A1C804A196AFD30003C1AD2 /* Resources */,
			);
			buildRules = (
			);
			dependencies = (
				0A1C8052196AFD31003C1AD2 /* PBXTargetDependency */,
			);
			name = ExtendingTableViewCellTests;
			productName = ExtendingTableViewCellTests;
			productReference = 0A1C804C196AFD30003C1AD2 /* ExtendingTableViewCellTests.xctest */;
			productType = "com.apple.product-type.bundle.unit-test";
		};
/* End PBXNativeTarget section */

/* Begin PBXProject section */
		0A1C8023196AFD30003C1AD2 /* Project object */ = {
			isa = PBXProject;
			attributes = {
				CLASSPREFIX = KL;
				LastUpgradeCheck = 0510;
				ORGANIZATIONNAME = "KnightLord Universe Technolegies Ltd";
				TargetAttributes = {
					0A1C804B196AFD30003C1AD2 = {
						TestTargetID = 0A1C802A196AFD30003C1AD2;
					};
				};
			};
			buildConfigurationList = 0A1C8026196AFD30003C1AD2 /* Build configuration list for PBXProject "ExtendingTableViewCell" */;
			compatibilityVersion = "Xcode 3.2";
			developmentRegion = English;
			hasScannedForEncodings = 0;
			knownRegions = (
				en,
				Base,
			);
			mainGroup = 0A1C8022196AFD30003C1AD2;
			productRefGroup = 0A1C802C196AFD30003C1AD2 /* Products */;
			projectDirPath = "";
			projectRoot = "";
			targets = (
				0A1C802A196AFD30003C1AD2 /* ExtendingTableViewCell */,
				0A1C804B196AFD30003C1AD2 /* ExtendingTableViewCellTests */,
			);
		};
/* End PBXProject section */

/* Begin PBXResourcesBuildPhase section */
		0A1C8029196AFD30003C1AD2 /* Resources */ = {
			isa = PBXResourcesBuildPhase;
			buildActionMask = 2147483647;
			files = (
				0A1C8047196AFD30003C1AD2 /* Images.xcassets in Resources */,
				0A1C8039196AFD30003C1AD2 /* InfoPlist.strings in Resources */,
				0A1C8042196AFD30003C1AD2 /* Main.storyboard in Resources */,
			);
			runOnlyForDeploymentPostprocessing = 0;
		};
		0A1C804A196AFD30003C1AD2 /* Resources */ = {
			isa = PBXResourcesBuildPhase;
			buildActionMask = 2147483647;
			files = (
				0A1C8058196AFD31003C1AD2 /* InfoPlist.strings in Resources */,
			);
			runOnlyForDeploymentPostprocessing = 0;
		};
/* End PBXResourcesBuildPhase section */

/* Begin PBXSourcesBuildPhase section */
		0A1C8027196AFD30003C1AD2 /* Sources */ = {
			isa = PBXSourcesBuildPhase;
			buildActionMask = 2147483647;
			files = (
				0A1C8068196AFDE1003C1AD2 /* KLTableViewController.m in Sources */,
				0A1C806B196AFEF5003C1AD2 /* KLPickerViewCell.m in Sources */,
				0A1C803B196AFD30003C1AD2 /* main.m in Sources */,
				0A1C803F196AFD30003C1AD2 /* KLAppDelegate.m in Sources */,
				0A1C806E196AFF17003C1AD2 /* KLDatePickerViewCell.m in Sources */,
			);
			runOnlyForDeploymentPostprocessing = 0;
		};
		0A1C8048196AFD30003C1AD2 /* Sources */ = {
			isa = PBXSourcesBuildPhase;
			buildActionMask = 2147483647;
			files = (
				0A1C805A196AFD31003C1AD2 /* ExtendingTableViewCellTests.m in Sources */,
			);
			runOnlyForDeploymentPostprocessing = 0;
		};
/* End PBXSourcesBuildPhase section */

/* Begin PBXTargetDependency section */
		0A1C8052196AFD31003C1AD2 /* PBXTargetDependency */ = {
			isa = PBXTargetDependency;
			target = 0A1C802A196AFD30003C1AD2 /* ExtendingTableViewCell */;
			targetProxy = 0A1C8051196AFD31003C1AD2 /* PBXContainerItemProxy */;
		};
/* End PBXTargetDependency section */

/* Begin PBXVariantGroup section */
		0A1C8037196AFD30003C1AD2 /* InfoPlist.strings */ = {
			isa = PBXVariantGroup;
			children = (
				0A1C8038196AFD30003C1AD2 /* en */,
			);
			name = InfoPlist.strings;
			sourceTree = "<group>";
		};
		0A1C8040196AFD30003C1AD2 /* Main.storyboard */ = {
			isa = PBXVariantGroup;
			children = (
				0A1C8041196AFD30003C1AD2 /* Base */,
			);
			name = Main.storyboard;
			sourceTree = "<group>";
		};
		0A1C8056196AFD31003C1AD2 /* InfoPlist.strings */ = {
			isa = PBXVariantGroup;
			children = (
				0A1C8057196AFD31003C1AD2 /* en */,
			);
			name = InfoPlist.strings;
			sourceTree = "<group>";
		};
/* End PBXVariantGroup section */

/* Begin XCBuildConfiguration section */
		0A1C805B196AFD31003C1AD2 /* Debug */ = {
			isa = XCBuildConfiguration;
			buildSettings = {
				ALWAYS_SEARCH_USER_PATHS = NO;
				CLANG_CXX_LANGUAGE_STANDARD = "gnu++0x";
				CLANG_CXX_LIBRARY = "libc++";
				CLANG_ENABLE_MODULES = YES;
				CLANG_ENABLE_OBJC_ARC = YES;
				CLANG_WARN_BOOL_CONVERSION = YES;
				CLANG_WARN_CONSTANT_CONVERSION = YES;
				CLANG_WARN_DIRECT_OBJC_ISA_USAGE = YES_ERROR;
				CLANG_WARN_EMPTY_BODY = YES;
				CLANG_WARN_ENUM_CONVERSION = YES;
				CLANG_WARN_INT_CONVERSION = YES;
				CLANG_WARN_OBJC_ROOT_CLASS = YES_ERROR;
				CLANG_WARN__DUPLICATE_METHOD_MATCH = YES;
				"CODE_SIGN_IDENTITY[sdk=iphoneos*]" = "iPhone Developer";
				COPY_PHASE_STRIP = NO;
				GCC_C_LANGUAGE_STANDARD = gnu99;
				GCC_DYNAMIC_NO_PIC = NO;
				GCC_OPTIMIZATION_LEVEL = 0;
				GCC_PREPROCESSOR_DEFINITIONS = (
					"DEBUG=1",
					"$(inherited)",
				);
				GCC_SYMBOLS_PRIVATE_EXTERN = NO;
				GCC_WARN_64_TO_32_BIT_CONVERSION = YES;
				GCC_WARN_ABOUT_RETURN_TYPE = YES_ERROR;
				GCC_WARN_UNDECLARED_SELECTOR = YES;
				GCC_WARN_UNINITIALIZED_AUTOS = YES_AGGRESSIVE;
				GCC_WARN_UNUSED_FUNCTION = YES;
				GCC_WARN_UNUSED_VARIABLE = YES;
				IPHONEOS_DEPLOYMENT_TARGET = 6.1;
				ONLY_ACTIVE_ARCH = YES;
				SDKROOT = iphoneos;
			};
			name = Debug;
		};
		0A1C805C196AFD31003C1AD2 /* Release */ = {
			isa = XCBuildConfiguration;
			buildSettings = {
				ALWAYS_SEARCH_USER_PATHS = NO;
				CLANG_CXX_LANGUAGE_STANDARD = "gnu++0x";
				CLANG_CXX_LIBRARY = "libc++";
				CLANG_ENABLE_MODULES = YES;
				CLANG_ENABLE_OBJC_ARC = YES;
				CLANG_WARN_BOOL_CONVERSION = YES;
				CLANG_WARN_CONSTANT_CONVERSION = YES;
				CLANG_WARN_DIRECT_OBJC_ISA_USAGE = YES_ERROR;
				CLANG_WARN_EMPTY_BODY = YES;
				CLANG_WARN_ENUM_CONVERSION = YES;
				CLANG_WARN_INT_CONVERSION = YES;
				CLANG_WARN_OBJC_ROOT_CLASS = YES_ERROR;
				CLANG_WARN__DUPLICATE_METHOD_MATCH = YES;
				"CODE_SIGN_IDENTITY[sdk=iphoneos*]" = "iPhone Developer";
				COPY_PHASE_STRIP = YES;
				ENABLE_NS_ASSERTIONS = NO;
				GCC_C_LANGUAGE_STANDARD = gnu99;
				GCC_WARN_64_TO_32_BIT_CONVERSION = YES;
				GCC_WARN_ABOUT_RETURN_TYPE = YES_ERROR;
				GCC_WARN_UNDECLARED_SELECTOR = YES;
				GCC_WARN_UNINITIALIZED_AUTOS = YES_AGGRESSIVE;
				GCC_WARN_UNUSED_FUNCTION = YES;
				GCC_WARN_UNUSED_VARIABLE = YES;
				IPHONEOS_DEPLOYMENT_TARGET = 6.1;
				SDKROOT = iphoneos;
				VALIDATE_PRODUCT = YES;
			};
			name = Release;
		};
		0A1C805E196AFD31003C1AD2 /* Debug */ = {
			isa = XCBuildConfiguration;
			buildSettings = {
				ASSETCATALOG_COMPILER_APPICON_NAME = AppIcon;
				ASSETCATALOG_COMPILER_LAUNCHIMAGE_NAME = LaunchImage;
				GCC_PRECOMPILE_PREFIX_HEADER = YES;
				GCC_PREFIX_HEADER = "ExtendingTableViewCell/ExtendingTableViewCell-Prefix.pch";
				INFOPLIST_FILE = "ExtendingTableViewCell/ExtendingTableViewCell-Info.plist";
				IPHONEOS_DEPLOYMENT_TARGET = 6.1;
				PRODUCT_NAME = "$(TARGET_NAME)";
				WRAPPER_EXTENSION = app;
			};
			name = Debug;
		};
		0A1C805F196AFD31003C1AD2 /* Release */ = {
			isa = XCBuildConfiguration;
			buildSettings = {
				ASSETCATALOG_COMPILER_APPICON_NAME = AppIcon;
				ASSETCATALOG_COMPILER_LAUNCHIMAGE_NAME = LaunchImage;
				GCC_PRECOMPILE_PREFIX_HEADER = YES;
				GCC_PREFIX_HEADER = "ExtendingTableViewCell/ExtendingTableViewCell-Prefix.pch";
				INFOPLIST_FILE = "ExtendingTableViewCell/ExtendingTableViewCell-Info.plist";
				IPHONEOS_DEPLOYMENT_TARGET = 6.1;
				PRODUCT_NAME = "$(TARGET_NAME)";
				WRAPPER_EXTENSION = app;
			};
			name = Release;
		};
		0A1C8061196AFD31003C1AD2 /* Debug */ = {
			isa = XCBuildConfiguration;
			buildSettings = {
				BUNDLE_LOADER = "$(BUILT_PRODUCTS_DIR)/ExtendingTableViewCell.app/ExtendingTableViewCell";
				FRAMEWORK_SEARCH_PATHS = (
					"$(SDKROOT)/Developer/Library/Frameworks",
					"$(inherited)",
					"$(DEVELOPER_FRAMEWORKS_DIR)",
				);
				GCC_PRECOMPILE_PREFIX_HEADER = YES;
				GCC_PREFIX_HEADER = "ExtendingTableViewCell/ExtendingTableViewCell-Prefix.pch";
				GCC_PREPROCESSOR_DEFINITIONS = (
					"DEBUG=1",
					"$(inherited)",
				);
				INFOPLIST_FILE = "ExtendingTableViewCellTests/ExtendingTableViewCellTests-Info.plist";
				PRODUCT_NAME = "$(TARGET_NAME)";
				TEST_HOST = "$(BUNDLE_LOADER)";
				WRAPPER_EXTENSION = xctest;
			};
			name = Debug;
		};
		0A1C8062196AFD31003C1AD2 /* Release */ = {
			isa = XCBuildConfiguration;
			buildSettings = {
				BUNDLE_LOADER = "$(BUILT_PRODUCTS_DIR)/ExtendingTableViewCell.app/ExtendingTableViewCell";
				FRAMEWORK_SEARCH_PATHS = (
					"$(SDKROOT)/Developer/Library/Frameworks",
					"$(inherited)",
					"$(DEVELOPER_FRAMEWORKS_DIR)",
				);
				GCC_PRECOMPILE_PREFIX_HEADER = YES;
				GCC_PREFIX_HEADER = "ExtendingTableViewCell/ExtendingTableViewCell-Prefix.pch";
				INFOPLIST_FILE = "ExtendingTableViewCellTests/ExtendingTableViewCellTests-Info.plist";
				PRODUCT_NAME = "$(TARGET_NAME)";
				TEST_HOST = "$(BUNDLE_LOADER)";
				WRAPPER_EXTENSION = xctest;
			};
			name = Release;
		};
/* End XCBuildConfiguration section */

/* Begin XCConfigurationList section */
		0A1C8026196AFD30003C1AD2 /* Build configuration list for PBXProject "ExtendingTableViewCell" */ = {
			isa = XCConfigurationList;
			buildConfigurations = (
				0A1C805B196AFD31003C1AD2 /* Debug */,
				0A1C805C196AFD31003C1AD2 /* Release */,
			);
			defaultConfigurationIsVisible = 0;
			defaultConfigurationName = Release;
		};
		0A1C805D196AFD31003C1AD2 /* Build configuration list for PBXNativeTarget "ExtendingTableViewCell" */ = {
			isa = XCConfigurationList;
			buildConfigurations = (
				0A1C805E196AFD31003C1AD2 /* Debug */,
				0A1C805F196AFD31003C1AD2 /* Release */,
			);
			defaultConfigurationIsVisible = 0;
			defaultConfigurationName = Release;
		};
		0A1C8060196AFD31003C1AD2 /* Build configuration list for PBXNativeTarget "ExtendingTableViewCellTests" */ = {
			isa = XCConfigurationList;
			buildConfigurations = (
				0A1C8061196AFD31003C1AD2 /* Debug */,
				0A1C8062196AFD31003C1AD2 /* Release */,
			);
			defaultConfigurationIsVisible = 0;
			defaultConfigurationName = Release;
		};
/* End XCConfigurationList section */
	};
	rootObject = 0A1C8023196AFD30003C1AD2 /* Project object */;
}
